
Microsoft Visual Studio Solution File, Format Version 12.00
# Visual Studio 15
VisualStudioVersion = 15.0.28307.1585
MinimumVisualStudioVersion = 10.0.40219.1
Project("{FAE04EC0-301F-11D3-BF4B-00C04F79EFBC}") = "VRCLiveCaptionsMod", "VRCTranscriptMod\VRCLiveCaptionsMod.csproj", "{121A501E-42D7-491C-AB13-225B600913DA}"
EndProject
Global
	GlobalSection(SolutionConfigurationPlatforms) = preSolution
		Release|x64 = Release|x64
	EndGlobalSection
	GlobalSection(ProjectConfigurationPlatforms) = postSolution
		{121A501E-42D7-491C-AB13-225B600913DA}.Release|x64.ActiveCfg = Release|x64
		{121A501E-42D7-491C-AB13-225B600913DA}.Release|x64.Build.0 = Release|x64
	EndGlobalSection
	GlobalSection(SolutionProperties) = preSolution
		HideSolutionNode = FALSE
	EndGlobalSection
	GlobalSection(ExtensibilityGlobals) = postSolution
		SolutionGuid = {F2406206-5310-4B4D-BA3D-47D4E93960D4}
	EndGlobalSection
EndGlobal
